
Microsoft Visual Studio Solution File, Format Version 12.00
# Visual Studio Version 17
VisualStudioVersion = 17.9.34616.47
MinimumVisualStudioVersion = 10.0.40219.1
Project("{8BC9CEB8-8B4A-11D0-8D11-00A0C91BC942}") = "main", "OOP_LAB_1.2.vcxproj", "{4ADF3F3F-5DAA-4BAB-BF85-17436A745039}"
EndProject
Project("{8BC9CEB8-8B4A-11D0-8D11-00A0C91BC942}") = "UnitTest1", "..\UnitTest1\UnitTest1.vcxproj", "{961A6F90-D281-4B1A-9FA9-2B941352BB15}"
EndProject
Global
	GlobalSection(SolutionConfigurationPlatforms) = preSolution
		Debug|x64 = Debug|x64
		Debug|x86 = Debug|x86
		Release|x64 = Release|x64
		Release|x86 = Release|x86
	EndGlobalSection
	GlobalSection(ProjectConfigurationPlatforms) = postSolution
		{4ADF3F3F-5DAA-4BAB-BF85-17436A745039}.Debug|x64.ActiveCfg = Debug|x64
		{4ADF3F3F-5DAA-4BAB-BF85-17436A745039}.Debug|x64.Build.0 = Debug|x64
		{4ADF3F3F-5DAA-4BAB-BF85-17436A745039}.Debug|x86.ActiveCfg = Debug|Win32
		{4ADF3F3F-5DAA-4BAB-BF85-17436A745039}.Debug|x86.Build.0 = Debug|Win32
		{4ADF3F3F-5DAA-4BAB-BF85-17436A745039}.Release|x64.ActiveCfg = Release|x64
		{4ADF3F3F-5DAA-4BAB-BF85-17436A745039}.Release|x64.Build.0 = Release|x64
		{4ADF3F3F-5DAA-4BAB-BF85-17436A745039}.Release|x86.ActiveCfg = Release|Win32
		{4ADF3F3F-5DAA-4BAB-BF85-17436A745039}.Release|x86.Build.0 = Release|Win32
		{961A6F90-D281-4B1A-9FA9-2B941352BB15}.Debug|x64.ActiveCfg = Debug|x64
		{961A6F90-D281-4B1A-9FA9-2B941352BB15}.Debug|x64.Build.0 = Debug|x64
		{961A6F90-D281-4B1A-9FA9-2B941352BB15}.Debug|x86.ActiveCfg = Debug|Win32
		{961A6F90-D281-4B1A-9FA9-2B941352BB15}.Debug|x86.Build.0 = Debug|Win32
		{961A6F90-D281-4B1A-9FA9-2B941352BB15}.Release|x64.ActiveCfg = Release|x64
		{961A6F90-D281-4B1A-9FA9-2B941352BB15}.Release|x64.Build.0 = Release|x64
		{961A6F90-D281-4B1A-9FA9-2B941352BB15}.Release|x86.ActiveCfg = Release|Win32
		{961A6F90-D281-4B1A-9FA9-2B941352BB15}.Release|x86.Build.0 = Release|Win32
	EndGlobalSection
	GlobalSection(SolutionProperties) = preSolution
		HideSolutionNode = FALSE
	EndGlobalSection
	GlobalSection(ExtensibilityGlobals) = postSolution
		SolutionGuid = {653EE48F-8629-4AF6-951E-E01F282D298F}
	EndGlobalSection
EndGlobal
